
Microsoft Visual Studio Solution File, Format Version 12.00
# Visual Studio Version 16
VisualStudioVersion = 16.0.29709.97
MinimumVisualStudioVersion = 10.0.40219.1
Project("{FAE04EC0-301F-11D3-BF4B-00C04F79EFBC}") = "Examen Final", "Examen Final\Examen Final.csproj", "{02716B8C-FD1C-4276-A2FC-13EC3DAEDE1B}"
EndProject
Global
	GlobalSection(SolutionConfigurationPlatforms) = preSolution
		Debug|Any CPU = Debug|Any CPU
		Release|Any CPU = Release|Any CPU
	EndGlobalSection
	GlobalSection(ProjectConfigurationPlatforms) = postSolution
		{02716B8C-FD1C-4276-A2FC-13EC3DAEDE1B}.Debug|Any CPU.ActiveCfg = Debug|Any CPU
		{02716B8C-FD1C-4276-A2FC-13EC3DAEDE1B}.Debug|Any CPU.Build.0 = Debug|Any CPU
		{02716B8C-FD1C-4276-A2FC-13EC3DAEDE1B}.Release|Any CPU.ActiveCfg = Release|Any CPU
		{02716B8C-FD1C-4276-A2FC-13EC3DAEDE1B}.Release|Any CPU.Build.0 = Release|Any CPU
	EndGlobalSection
	GlobalSection(SolutionProperties) = preSolution
		HideSolutionNode = FALSE
	EndGlobalSection
	GlobalSection(ExtensibilityGlobals) = postSolution
		SolutionGuid = {05B6DBED-7C72-4904-9945-8E1E3165BD8D}
	EndGlobalSection
EndGlobal
